
Microsoft Visual Studio Solution File, Format Version 12.00
# Visual Studio Version 17
VisualStudioVersion = 17.10.35013.160
MinimumVisualStudioVersion = 10.0.40219.1
Project("{9A19103F-16F7-4668-BE54-9A1E7A4F7556}") = "Api", "Api\Api.csproj", "{701D6633-F113-4916-918E-A8618C7251CF}"
EndProject
Project("{2150E333-8FDC-42A3-9474-1A3956D46DE8}") = "Libraries", "Libraries", "{0127ECDE-474A-42DC-BC69-EB0333F90490}"
EndProject
Project("{FAE04EC0-301F-11D3-BF4B-00C04F79EFBC}") = "Module", "Libraries\Module\Module.csproj", "{D2021AD1-7386-4E90-B7D3-1FB2EDA1DBA6}"
EndProject
Global
	GlobalSection(SolutionConfigurationPlatforms) = preSolution
		Debug|Any CPU = Debug|Any CPU
		Release|Any CPU = Release|Any CPU
	EndGlobalSection
	GlobalSection(ProjectConfigurationPlatforms) = postSolution
		{701D6633-F113-4916-918E-A8618C7251CF}.Debug|Any CPU.ActiveCfg = Debug|Any CPU
		{701D6633-F113-4916-918E-A8618C7251CF}.Debug|Any CPU.Build.0 = Debug|Any CPU
		{701D6633-F113-4916-918E-A8618C7251CF}.Release|Any CPU.ActiveCfg = Release|Any CPU
		{701D6633-F113-4916-918E-A8618C7251CF}.Release|Any CPU.Build.0 = Release|Any CPU
		{D2021AD1-7386-4E90-B7D3-1FB2EDA1DBA6}.Debug|Any CPU.ActiveCfg = Debug|Any CPU
		{D2021AD1-7386-4E90-B7D3-1FB2EDA1DBA6}.Debug|Any CPU.Build.0 = Debug|Any CPU
		{D2021AD1-7386-4E90-B7D3-1FB2EDA1DBA6}.Release|Any CPU.ActiveCfg = Release|Any CPU
		{D2021AD1-7386-4E90-B7D3-1FB2EDA1DBA6}.Release|Any CPU.Build.0 = Release|Any CPU
	EndGlobalSection
	GlobalSection(SolutionProperties) = preSolution
		HideSolutionNode = FALSE
	EndGlobalSection
	GlobalSection(NestedProjects) = preSolution
		{D2021AD1-7386-4E90-B7D3-1FB2EDA1DBA6} = {0127ECDE-474A-42DC-BC69-EB0333F90490}
	EndGlobalSection
	GlobalSection(ExtensibilityGlobals) = postSolution
		SolutionGuid = {30ECF31C-7B61-4206-95BD-54054A0B09DD}
	EndGlobalSection
EndGlobal
